// !$*UTF8*$!
{
	archiveVersion = 1;
	classes = {
	};
	objectVersion = 55;
	objects = {

/* Begin PBXBuildFile section */
		8A85F8DC27B19412005AA7E9 /* AppDelegate.swift in Sources */ = {isa = PBXBuildFile; fileRef = 8A85F8DB27B19412005AA7E9 /* AppDelegate.swift */; };
		8A85F8DE27B19412005AA7E9 /* SceneDelegate.swift in Sources */ = {isa = PBXBuildFile; fileRef = 8A85F8DD27B19412005AA7E9 /* SceneDelegate.swift */; };
		8A85F8E027B19412005AA7E9 /* ViewController.swift in Sources */ = {isa = PBXBuildFile; fileRef = 8A85F8DF27B19412005AA7E9 /* ViewController.swift */; };
		8A85F8E327B19412005AA7E9 /* Main.storyboard in Resources */ = {isa = PBXBuildFile; fileRef = 8A85F8E127B19412005AA7E9 /* Main.storyboard */; };
		8A85F8E527B19413005AA7E9 /* Assets.xcassets in Resources */ = {isa = PBXBuildFile; fileRef = 8A85F8E427B19413005AA7E9 /* Assets.xcassets */; };
		8A85F8E827B19413005AA7E9 /* LaunchScreen.storyboard in Resources */ = {isa = PBXBuildFile; fileRef = 8A85F8E627B19413005AA7E9 /* LaunchScreen.storyboard */; };
		8A85F8F327B19413005AA7E9 /* spaceviewerTests.swift in Sources */ = {isa = PBXBuildFile; fileRef = 8A85F8F227B19413005AA7E9 /* spaceviewerTests.swift */; };
		8A85F8FD27B19413005AA7E9 /* spaceviewerUITests.swift in Sources */ = {isa = PBXBuildFile; fileRef = 8A85F8FC27B19413005AA7E9 /* spaceviewerUITests.swift */; };
		8A85F8FF27B19413005AA7E9 /* spaceviewerUITestsLaunchTests.swift in Sources */ = {isa = PBXBuildFile; fileRef = 8A85F8FE27B19413005AA7E9 /* spaceviewerUITestsLaunchTests.swift */; };
		8A85F91227B1942B005AA7E9 /* img_001.jpg in Resources */ = {isa = PBXBuildFile; fileRef = 8A85F90C27B1942B005AA7E9 /* img_001.jpg */; };
		8A85F91327B1942B005AA7E9 /* img_003.jpg in Resources */ = {isa = PBXBuildFile; fileRef = 8A85F90D27B1942B005AA7E9 /* img_003.jpg */; };
		8A85F91427B1942B005AA7E9 /* img_002.jpg in Resources */ = {isa = PBXBuildFile; fileRef = 8A85F90E27B1942B005AA7E9 /* img_002.jpg */; };
		8A85F91527B1942B005AA7E9 /* img_006.jpg in Resources */ = {isa = PBXBuildFile; fileRef = 8A85F90F27B1942B005AA7E9 /* img_006.jpg */; };
		8A85F91627B1942B005AA7E9 /* img_004.jpg in Resources */ = {isa = PBXBuildFile; fileRef = 8A85F91027B1942B005AA7E9 /* img_004.jpg */; };
		8A85F91927B1A444005AA7E9 /* DetailViewController.swift in Sources */ = {isa = PBXBuildFile; fileRef = 8A85F91827B1A444005AA7E9 /* DetailViewController.swift */; };
		8A85F91B27B1B1F2005AA7E9 /* img_005.jpg in Resources */ = {isa = PBXBuildFile; fileRef = 8A85F91A27B1B1F2005AA7E9 /* img_005.jpg */; };
/* End PBXBuildFile section */

/* Begin PBXContainerItemProxy section */
		8A85F8EF27B19413005AA7E9 /* PBXContainerItemProxy */ = {
			isa = PBXContainerItemProxy;
			containerPortal = 8A85F8D027B19412005AA7E9 /* Project object */;
			proxyType = 1;
			remoteGlobalIDString = 8A85F8D727B19412005AA7E9;
			remoteInfo = spaceviewer;
		};
		8A85F8F927B19413005AA7E9 /* PBXContainerItemProxy */ = {
			isa = PBXContainerItemProxy;
			containerPortal = 8A85F8D027B19412005AA7E9 /* Project object */;
			proxyType = 1;
			remoteGlobalIDString = 8A85F8D727B19412005AA7E9;
			remoteInfo = spaceviewer;
		};
/* End PBXContainerItemProxy section */

/* Begin PBXFileReference section */
		8A85F8D827B19412005AA7E9 /* spaceviewer.app */ = {isa = PBXFileReference; explicitFileType = wrapper.application; includeInIndex = 0; path = spaceviewer.app; sourceTree = BUILT_PRODUCTS_DIR; };
		8A85F8DB27B19412005AA7E9 /* AppDelegate.swift */ = {isa = PBXFileReference; lastKnownFileType = sourcecode.swift; path = AppDelegate.swift; sourceTree = "<group>"; };
		8A85F8DD27B19412005AA7E9 /* SceneDelegate.swift */ = {isa = PBXFileReference; lastKnownFileType = sourcecode.swift; path = SceneDelegate.swift; sourceTree = "<group>"; };
		8A85F8DF27B19412005AA7E9 /* ViewController.swift */ = {isa = PBXFileReference; lastKnownFileType = sourcecode.swift; path = ViewController.swift; sourceTree = "<group>"; };
		8A85F8E227B19412005AA7E9 /* Base */ = {isa = PBXFileReference; lastKnownFileType = file.storyboard; name = Base; path = Base.lproj/Main.storyboard; sourceTree = "<group>"; };
		8A85F8E427B19413005AA7E9 /* Assets.xcassets */ = {isa = PBXFileReference; lastKnownFileType = folder.assetcatalog; path = Assets.xcassets; sourceTree = "<group>"; };
		8A85F8E727B19413005AA7E9 /* Base */ = {isa = PBXFileReference; lastKnownFileType = file.storyboard; name = Base; path = Base.lproj/LaunchScreen.storyboard; sourceTree = "<group>"; };
		8A85F8E927B19413005AA7E9 /* Info.plist */ = {isa = PBXFileReference; lastKnownFileType = text.plist.xml; path = Info.plist; sourceTree = "<group>"; };
		8A85F8EE27B19413005AA7E9 /* spaceviewerTests.xctest */ = {isa = PBXFileReference; explicitFileType = wrapper.cfbundle; includeInIndex = 0; path = spaceviewerTests.xctest; sourceTree = BUILT_PRODUCTS_DIR; };
		8A85F8F227B19413005AA7E9 /* spaceviewerTests.swift */ = {isa = PBXFileReference; lastKnownFileType = sourcecode.swift; path = spaceviewerTests.swift; sourceTree = "<group>"; };
		8A85F8F827B19413005AA7E9 /* spaceviewerUITests.xctest */ = {isa = PBXFileReference; explicitFileType = wrapper.cfbundle; includeInIndex = 0; path = spaceviewerUITests.xctest; sourceTree = BUILT_PRODUCTS_DIR; };
		8A85F8FC27B19413005AA7E9 /* spaceviewerUITests.swift */ = {isa = PBXFileReference; lastKnownFileType = sourcecode.swift; path = spaceviewerUITests.swift; sourceTree = "<group>"; };
		8A85F8FE27B19413005AA7E9 /* spaceviewerUITestsLaunchTests.swift */ = {isa = PBXFileReference; lastKnownFileType = sourcecode.swift; path = spaceviewerUITestsLaunchTests.swift; sourceTree = "<group>"; };
		8A85F90C27B1942B005AA7E9 /* img_001.jpg */ = {isa = PBXFileReference; lastKnownFileType = image.jpeg; path = img_001.jpg; sourceTree = "<group>"; };
		8A85F90D27B1942B005AA7E9 /* img_003.jpg */ = {isa = PBXFileReference; lastKnownFileType = image.jpeg; path = img_003.jpg; sourceTree = "<group>"; };
		8A85F90E27B1942B005AA7E9 /* img_002.jpg */ = {isa = PBXFileReference; lastKnownFileType = image.jpeg; path = img_002.jpg; sourceTree = "<group>"; };
		8A85F90F27B1942B005AA7E9 /* img_006.jpg */ = {isa = PBXFileReference; lastKnownFileType = image.jpeg; path = img_006.jpg; sourceTree = "<group>"; };
		8A85F91027B1942B005AA7E9 /* img_004.jpg */ = {isa = PBXFileReference; lastKnownFileType = image.jpeg; path = img_004.jpg; sourceTree = "<group>"; };
		8A85F91827B1A444005AA7E9 /* DetailViewController.swift */ = {isa = PBXFileReference; lastKnownFileType = sourcecode.swift; path = DetailViewController.swift; sourceTree = "<group>"; };
		8A85F91A27B1B1F2005AA7E9 /* img_005.jpg */ = {isa = PBXFileReference; lastKnownFileType = image.jpeg; name = img_005.jpg; path = ../../../../../Content/img_005.jpg; sourceTree = "<group>"; };
/* End PBXFileReference section */

/* Begin PBXFrameworksBuildPhase section */
		8A85F8D527B19412005AA7E9 /* Frameworks */ = {
			isa = PBXFrameworksBuildPhase;
			buildActionMask = 2147483647;
			files = (
			);
			runOnlyForDeploymentPostprocessing = 0;
		};
		8A85F8EB27B19413005AA7E9 /* Frameworks */ = {
			isa = PBXFrameworksBuildPhase;
			buildActionMask = 2147483647;
			files = (
			);
			runOnlyForDeploymentPostprocessing = 0;
		};
		8A85F8F527B19413005AA7E9 /* Frameworks */ = {
			isa = PBXFrameworksBuildPhase;
			buildActionMask = 2147483647;
			files = (
			);
			runOnlyForDeploymentPostprocessing = 0;
		};
/* End PBXFrameworksBuildPhase section */

/* Begin PBXGroup section */
		8A85F8CF27B19412005AA7E9 = {
			isa = PBXGroup;
			children = (
				8A85F8DA27B19412005AA7E9 /* spaceviewer */,
				8A85F8F127B19413005AA7E9 /* spaceviewerTests */,
				8A85F8FB27B19413005AA7E9 /* spaceviewerUITests */,
				8A85F8D927B19412005AA7E9 /* Products */,
			);
			sourceTree = "<group>";
		};
		8A85F8D927B19412005AA7E9 /* Products */ = {
			isa = PBXGroup;
			children = (
				8A85F8D827B19412005AA7E9 /* spaceviewer.app */,
				8A85F8EE27B19413005AA7E9 /* spaceviewerTests.xctest */,
				8A85F8F827B19413005AA7E9 /* spaceviewerUITests.xctest */,
			);
			name = Products;
			sourceTree = "<group>";
		};
		8A85F8DA27B19412005AA7E9 /* spaceviewer */ = {
			isa = PBXGroup;
			children = (
				8A85F8DB27B19412005AA7E9 /* AppDelegate.swift */,
				8A85F8DD27B19412005AA7E9 /* SceneDelegate.swift */,
				8A85F8DF27B19412005AA7E9 /* ViewController.swift */,
				8A85F91827B1A444005AA7E9 /* DetailViewController.swift */,
				8A85F8E127B19412005AA7E9 /* Main.storyboard */,
				8A85F8E427B19413005AA7E9 /* Assets.xcassets */,
				8A85F8E627B19413005AA7E9 /* LaunchScreen.storyboard */,
				8A85F8E927B19413005AA7E9 /* Info.plist */,
				8A85F90B27B1942B005AA7E9 /* Content */,
			);
			path = spaceviewer;
			sourceTree = "<group>";
		};
		8A85F8F127B19413005AA7E9 /* spaceviewerTests */ = {
			isa = PBXGroup;
			children = (
				8A85F8F227B19413005AA7E9 /* spaceviewerTests.swift */,
			);
			path = spaceviewerTests;
			sourceTree = "<group>";
		};
		8A85F8FB27B19413005AA7E9 /* spaceviewerUITests */ = {
			isa = PBXGroup;
			children = (
				8A85F8FC27B19413005AA7E9 /* spaceviewerUITests.swift */,
				8A85F8FE27B19413005AA7E9 /* spaceviewerUITestsLaunchTests.swift */,
			);
			path = spaceviewerUITests;
			sourceTree = "<group>";
		};
		8A85F90B27B1942B005AA7E9 /* Content */ = {
			isa = PBXGroup;
			children = (
				8A85F90C27B1942B005AA7E9 /* img_001.jpg */,
				8A85F90D27B1942B005AA7E9 /* img_003.jpg */,
				8A85F90E27B1942B005AA7E9 /* img_002.jpg */,
				8A85F91A27B1B1F2005AA7E9 /* img_005.jpg */,
				8A85F90F27B1942B005AA7E9 /* img_006.jpg */,
				8A85F91027B1942B005AA7E9 /* img_004.jpg */,
			);
			path = Content;
			sourceTree = "<group>";
		};
/* End PBXGroup section */

/* Begin PBXNativeTarget section */
		8A85F8D727B19412005AA7E9 /* spaceviewer */ = {
			isa = PBXNativeTarget;
			buildConfigurationList = 8A85F90227B19413005AA7E9 /* Build configuration list for PBXNativeTarget "spaceviewer" */;
			buildPhases = (
				8A85F8D427B19412005AA7E9 /* Sources */,
				8A85F8D527B19412005AA7E9 /* Frameworks */,
				8A85F8D627B19412005AA7E9 /* Resources */,
			);
			buildRules = (
			);
			dependencies = (
			);
			name = spaceviewer;
			productName = spaceviewer;
			productReference = 8A85F8D827B19412005AA7E9 /* spaceviewer.app */;
			productType = "com.apple.product-type.application";
		};
		8A85F8ED27B19413005AA7E9 /* spaceviewerTests */ = {
			isa = PBXNativeTarget;
			buildConfigurationList = 8A85F90527B19413005AA7E9 /* Build configuration list for PBXNativeTarget "spaceviewerTests" */;
			buildPhases = (
				8A85F8EA27B19413005AA7E9 /* Sources */,
				8A85F8EB27B19413005AA7E9 /* Frameworks */,
				8A85F8EC27B19413005AA7E9 /* Resources */,
			);
			buildRules = (
			);
			dependencies = (
				8A85F8F027B19413005AA7E9 /* PBXTargetDependency */,
			);
			name = spaceviewerTests;
			productName = spaceviewerTests;
			productReference = 8A85F8EE27B19413005AA7E9 /* spaceviewerTests.xctest */;
			productType = "com.apple.product-type.bundle.unit-test";
		};
		8A85F8F727B19413005AA7E9 /* spaceviewerUITests */ = {
			isa = PBXNativeTarget;
			buildConfigurationList = 8A85F90827B19413005AA7E9 /* Build configuration list for PBXNativeTarget "spaceviewerUITests" */;
			buildPhases = (
				8A85F8F427B19413005AA7E9 /* Sources */,
				8A85F8F527B19413005AA7E9 /* Frameworks */,
				8A85F8F627B19413005AA7E9 /* Resources */,
			);
			buildRules = (
			);
			dependencies = (
				8A85F8FA27B19413005AA7E9 /* PBXTargetDependency */,
			);
			name = spaceviewerUITests;
			productName = spaceviewerUITests;
			productReference = 8A85F8F827B19413005AA7E9 /* spaceviewerUITests.xctest */;
			productType = "com.apple.product-type.bundle.ui-testing";
		};
/* End PBXNativeTarget section */

/* Begin PBXProject section */
		8A85F8D027B19412005AA7E9 /* Project object */ = {
			isa = PBXProject;
			attributes = {
				BuildIndependentTargetsInParallel = 1;
				LastSwiftUpdateCheck = 1320;
				LastUpgradeCheck = 1320;
				TargetAttributes = {
					8A85F8D727B19412005AA7E9 = {
						CreatedOnToolsVersion = 13.2.1;
					};
					8A85F8ED27B19413005AA7E9 = {
						CreatedOnToolsVersion = 13.2.1;
						TestTargetID = 8A85F8D727B19412005AA7E9;
					};
					8A85F8F727B19413005AA7E9 = {
						CreatedOnToolsVersion = 13.2.1;
						TestTargetID = 8A85F8D727B19412005AA7E9;
					};
				};
			};
			buildConfigurationList = 8A85F8D327B19412005AA7E9 /* Build configuration list for PBXProject "spaceviewer" */;
			compatibilityVersion = "Xcode 13.0";
			developmentRegion = en;
			hasScannedForEncodings = 0;
			knownRegions = (
				en,
				Base,
			);
			mainGroup = 8A85F8CF27B19412005AA7E9;
			productRefGroup = 8A85F8D927B19412005AA7E9 /* Products */;
			projectDirPath = "";
			projectRoot = "";
			targets = (
				8A85F8D727B19412005AA7E9 /* spaceviewer */,
				8A85F8ED27B19413005AA7E9 /* spaceviewerTests */,
				8A85F8F727B19413005AA7E9 /* spaceviewerUITests */,
			);
		};
/* End PBXProject section */

/* Begin PBXResourcesBuildPhase section */
		8A85F8D627B19412005AA7E9 /* Resources */ = {
			isa = PBXResourcesBuildPhase;
			buildActionMask = 2147483647;
			files = (
				8A85F91B27B1B1F2005AA7E9 /* img_005.jpg in Resources */,
				8A85F91427B1942B005AA7E9 /* img_002.jpg in Resources */,
				8A85F91327B1942B005AA7E9 /* img_003.jpg in Resources */,
				8A85F91627B1942B005AA7E9 /* img_004.jpg in Resources */,
				8A85F8E827B19413005AA7E9 /* LaunchScreen.storyboard in Resources */,
				8A85F91527B1942B005AA7E9 /* img_006.jpg in Resources */,
				8A85F8E527B19413005AA7E9 /* Assets.xcassets in Resources */,
				8A85F8E327B19412005AA7E9 /* Main.storyboard in Resources */,
				8A85F91227B1942B005AA7E9 /* img_001.jpg in Resources */,
			);
			runOnlyForDeploymentPostprocessing = 0;
		};
		8A85F8EC27B19413005AA7E9 /* Resources */ = {
			isa = PBXResourcesBuildPhase;
			buildActionMask = 2147483647;
			files = (
			);
			runOnlyForDeploymentPostprocessing = 0;
		};
		8A85F8F627B19413005AA7E9 /* Resources */ = {
			isa = PBXResourcesBuildPhase;
			buildActionMask = 2147483647;
			files = (
			);
			runOnlyForDeploymentPostprocessing = 0;
		};
/* End PBXResourcesBuildPhase section */

/* Begin PBXSourcesBuildPhase section */
		8A85F8D427B19412005AA7E9 /* Sources */ = {
			isa = PBXSourcesBuildPhase;
			buildActionMask = 2147483647;
			files = (
				8A85F8E027B19412005AA7E9 /* ViewController.swift in Sources */,
				8A85F8DC27B19412005AA7E9 /* AppDelegate.swift in Sources */,
				8A85F8DE27B19412005AA7E9 /* SceneDelegate.swift in Sources */,
				8A85F91927B1A444005AA7E9 /* DetailViewController.swift in Sources */,
			);
			runOnlyForDeploymentPostprocessing = 0;
		};
		8A85F8EA27B19413005AA7E9 /* Sources */ = {
			isa = PBXSourcesBuildPhase;
			buildActionMask = 2147483647;
			files = (
				8A85F8F327B19413005AA7E9 /* spaceviewerTests.swift in Sources */,
			);
			runOnlyForDeploymentPostprocessing = 0;
		};
		8A85F8F427B19413005AA7E9 /* Sources */ = {
			isa = PBXSourcesBuildPhase;
			buildActionMask = 2147483647;
			files = (
				8A85F8FD27B19413005AA7E9 /* spaceviewerUITests.swift in Sources */,
				8A85F8FF27B19413005AA7E9 /* spaceviewerUITestsLaunchTests.swift in Sources */,
			);
			runOnlyForDeploymentPostprocessing = 0;
		};
/* End PBXSourcesBuildPhase section */

/* Begin PBXTargetDependency section */
		8A85F8F027B19413005AA7E9 /* PBXTargetDependency */ = {
			isa = PBXTargetDependency;
			target = 8A85F8D727B19412005AA7E9 /* spaceviewer */;
			targetProxy = 8A85F8EF27B19413005AA7E9 /* PBXContainerItemProxy */;
		};
		8A85F8FA27B19413005AA7E9 /* PBXTargetDependency */ = {
			isa = PBXTargetDependency;
			target = 8A85F8D727B19412005AA7E9 /* spaceviewer */;
			targetProxy = 8A85F8F927B19413005AA7E9 /* PBXContainerItemProxy */;
		};
/* End PBXTargetDependency section */

/* Begin PBXVariantGroup section */
		8A85F8E127B19412005AA7E9 /* Main.storyboard */ = {
			isa = PBXVariantGroup;
			children = (
				8A85F8E227B19412005AA7E9 /* Base */,
			);
			name = Main.storyboard;
			sourceTree = "<group>";
		};
		8A85F8E627B19413005AA7E9 /* LaunchScreen.storyboard */ = {
			isa = PBXVariantGroup;
			children = (
				8A85F8E727B19413005AA7E9 /* Base */,
			);
			name = LaunchScreen.storyboard;
			sourceTree = "<group>";
		};
/* End PBXVariantGroup section */

/* Begin XCBuildConfiguration section */
		8A85F90027B19413005AA7E9 /* Debug */ = {
			isa = XCBuildConfiguration;
			buildSettings = {
				ALWAYS_SEARCH_USER_PATHS = NO;
				CLANG_ANALYZER_NONNULL = YES;
				CLANG_ANALYZER_NUMBER_OBJECT_CONVERSION = YES_AGGRESSIVE;
				CLANG_CXX_LANGUAGE_STANDARD = "gnu++17";
				CLANG_CXX_LIBRARY = "libc++";
				CLANG_ENABLE_MODULES = YES;
				CLANG_ENABLE_OBJC_ARC = YES;
				CLANG_ENABLE_OBJC_WEAK = YES;
				CLANG_WARN_BLOCK_CAPTURE_AUTORELEASING = YES;
				CLANG_WARN_BOOL_CONVERSION = YES;
				CLANG_WARN_COMMA = YES;
				CLANG_WARN_CONSTANT_CONVERSION = YES;
				CLANG_WARN_DEPRECATED_OBJC_IMPLEMENTATIONS = YES;
				CLANG_WARN_DIRECT_OBJC_ISA_USAGE = YES_ERROR;
				CLANG_WARN_DOCUMENTATION_COMMENTS = YES;
				CLANG_WARN_EMPTY_BODY = YES;
				CLANG_WARN_ENUM_CONVERSION = YES;
				CLANG_WARN_INFINITE_RECURSION = YES;
				CLANG_WARN_INT_CONVERSION = YES;
				CLANG_WARN_NON_LITERAL_NULL_CONVERSION = YES;
				CLANG_WARN_OBJC_IMPLICIT_RETAIN_SELF = YES;
				CLANG_WARN_OBJC_LITERAL_CONVERSION = YES;
				CLANG_WARN_OBJC_ROOT_CLASS = YES_ERROR;
				CLANG_WARN_QUOTED_INCLUDE_IN_FRAMEWORK_HEADER = YES;
				CLANG_WARN_RANGE_LOOP_ANALYSIS = YES;
				CLANG_WARN_STRICT_PROTOTYPES = YES;
				CLANG_WARN_SUSPICIOUS_MOVE = YES;
				CLANG_WARN_UNGUARDED_AVAILABILITY = YES_AGGRESSIVE;
				CLANG_WARN_UNREACHABLE_CODE = YES;
				CLANG_WARN__DUPLICATE_METHOD_MATCH = YES;
				COPY_PHASE_STRIP = NO;
				DEBUG_INFORMATION_FORMAT = dwarf;
				ENABLE_STRICT_OBJC_MSGSEND = YES;
				ENABLE_TESTABILITY = YES;
				GCC_C_LANGUAGE_STANDARD = gnu11;
				GCC_DYNAMIC_NO_PIC = NO;
				GCC_NO_COMMON_BLOCKS = YES;
				GCC_OPTIMIZATION_LEVEL = 0;
				GCC_PREPROCESSOR_DEFINITIONS = (
					"DEBUG=1",
					"$(inherited)",
				);
				GCC_WARN_64_TO_32_BIT_CONVERSION = YES;
				GCC_WARN_ABOUT_RETURN_TYPE = YES_ERROR;
				GCC_WARN_UNDECLARED_SELECTOR = YES;
				GCC_WARN_UNINITIALIZED_AUTOS = YES_AGGRESSIVE;
				GCC_WARN_UNUSED_FUNCTION = YES;
				GCC_WARN_UNUSED_VARIABLE = YES;
				IPHONEOS_DEPLOYMENT_TARGET = 15.2;
				MTL_ENABLE_DEBUG_INFO = INCLUDE_SOURCE;
				MTL_FAST_MATH = YES;
				ONLY_ACTIVE_ARCH = YES;
				SDKROOT = iphoneos;
				SWIFT_ACTIVE_COMPILATION_CONDITIONS = DEBUG;
				SWIFT_OPTIMIZATION_LEVEL = "-Onone";
			};
			name = Debug;
		};
		8A85F90127B19413005AA7E9 /* Release */ = {
			isa = XCBuildConfiguration;
			buildSettings = {
				ALWAYS_SEARCH_USER_PATHS = NO;
				CLANG_ANALYZER_NONNULL = YES;
				CLANG_ANALYZER_NUMBER_OBJECT_CONVERSION = YES_AGGRESSIVE;
				CLANG_CXX_LANGUAGE_STANDARD = "gnu++17";
				CLANG_CXX_LIBRARY = "libc++";
				CLANG_ENABLE_MODULES = YES;
				CLANG_ENABLE_OBJC_ARC = YES;
				CLANG_ENABLE_OBJC_WEAK = YES;
				CLANG_WARN_BLOCK_CAPTURE_AUTORELEASING = YES;
				CLANG_WARN_BOOL_CONVERSION = YES;
				CLANG_WARN_COMMA = YES;
				CLANG_WARN_CONSTANT_CONVERSION = YES;
				CLANG_WARN_DEPRECATED_OBJC_IMPLEMENTATIONS = YES;
				CLANG_WARN_DIRECT_OBJC_ISA_USAGE = YES_ERROR;
				CLANG_WARN_DOCUMENTATION_COMMENTS = YES;
				CLANG_WARN_EMPTY_BODY = YES;
				CLANG_WARN_ENUM_CONVERSION = YES;
				CLANG_WARN_INFINITE_RECURSION = YES;
				CLANG_WARN_INT_CONVERSION = YES;
				CLANG_WARN_NON_LITERAL_NULL_CONVERSION = YES;
				CLANG_WARN_OBJC_IMPLICIT_RETAIN_SELF = YES;
				CLANG_WARN_OBJC_LITERAL_CONVERSION = YES;
				CLANG_WARN_OBJC_ROOT_CLASS = YES_ERROR;
				CLANG_WARN_QUOTED_INCLUDE_IN_FRAMEWORK_HEADER = YES;
				CLANG_WARN_RANGE_LOOP_ANALYSIS = YES;
				CLANG_WARN_STRICT_PROTOTYPES = YES;
				CLANG_WARN_SUSPICIOUS_MOVE = YES;
				CLANG_WARN_UNGUARDED_AVAILABILITY = YES_AGGRESSIVE;
				CLANG_WARN_UNREACHABLE_CODE = YES;
				CLANG_WARN__DUPLICATE_METHOD_MATCH = YES;
				COPY_PHASE_STRIP = NO;
				DEBUG_INFORMATION_FORMAT = "dwarf-with-dsym";
				ENABLE_NS_ASSERTIONS = NO;
				ENABLE_STRICT_OBJC_MSGSEND = YES;
				GCC_C_LANGUAGE_STANDARD = gnu11;
				GCC_NO_COMMON_BLOCKS = YES;
				GCC_WARN_64_TO_32_BIT_CONVERSION = YES;
				GCC_WARN_ABOUT_RETURN_TYPE = YES_ERROR;
				GCC_WARN_UNDECLARED_SELECTOR = YES;
				GCC_WARN_UNINITIALIZED_AUTOS = YES_AGGRESSIVE;
				GCC_WARN_UNUSED_FUNCTION = YES;
				GCC_WARN_UNUSED_VARIABLE = YES;
				IPHONEOS_DEPLOYMENT_TARGET = 15.2;
				MTL_ENABLE_DEBUG_INFO = NO;
				MTL_FAST_MATH = YES;
				SDKROOT = iphoneos;
				SWIFT_COMPILATION_MODE = wholemodule;
				SWIFT_OPTIMIZATION_LEVEL = "-O";
				VALIDATE_PRODUCT = YES;
			};
			name = Release;
		};
		8A85F90327B19413005AA7E9 /* Debug */ = {
			isa = XCBuildConfiguration;
			buildSettings = {
				ASSETCATALOG_COMPILER_APPICON_NAME = AppIcon;
				ASSETCATALOG_COMPILER_GLOBAL_ACCENT_COLOR_NAME = AccentColor;
				CODE_SIGN_STYLE = Automatic;
				CURRENT_PROJECT_VERSION = 1;
				GENERATE_INFOPLIST_FILE = YES;
				INFOPLIST_FILE = spaceviewer/Info.plist;
				INFOPLIST_KEY_UIApplicationSupportsIndirectInputEvents = YES;
				INFOPLIST_KEY_UILaunchStoryboardName = LaunchScreen;
				INFOPLIST_KEY_UIMainStoryboardFile = Main;
				INFOPLIST_KEY_UISupportedInterfaceOrientations_iPad = "UIInterfaceOrientationPortrait UIInterfaceOrientationPortraitUpsideDown UIInterfaceOrientationLandscapeLeft UIInterfaceOrientationLandscapeRight";
				INFOPLIST_KEY_UISupportedInterfaceOrientations_iPhone = "UIInterfaceOrientationPortrait UIInterfaceOrientationLandscapeLeft UIInterfaceOrientationLandscapeRight";
				LD_RUNPATH_SEARCH_PATHS = (
					"$(inherited)",
					"@executable_path/Frameworks",
				);
				MARKETING_VERSION = 1.0;
				PRODUCT_BUNDLE_IDENTIFIER = com.maslov.spaceviewer;
				PRODUCT_NAME = "$(TARGET_NAME)";
				SWIFT_EMIT_LOC_STRINGS = YES;
				SWIFT_VERSION = 5.0;
				TARGETED_DEVICE_FAMILY = "1,2";
			};
			name = Debug;
		};
		8A85F90427B19413005AA7E9 /* Release */ = {
			isa = XCBuildConfiguration;
			buildSettings = {
				ASSETCATALOG_COMPILER_APPICON_NAME = AppIcon;
				ASSETCATALOG_COMPILER_GLOBAL_ACCENT_COLOR_NAME = AccentColor;
				CODE_SIGN_STYLE = Automatic;
				CURRENT_PROJECT_VERSION = 1;
				GENERATE_INFOPLIST_FILE = YES;
				INFOPLIST_FILE = spaceviewer/Info.plist;
				INFOPLIST_KEY_UIApplicationSupportsIndirectInputEvents = YES;
				INFOPLIST_KEY_UILaunchStoryboardName = LaunchScreen;
				INFOPLIST_KEY_UIMainStoryboardFile = Main;
				INFOPLIST_KEY_UISupportedInterfaceOrientations_iPad = "UIInterfaceOrientationPortrait UIInterfaceOrientationPortraitUpsideDown UIInterfaceOrientationLandscapeLeft UIInterfaceOrientationLandscapeRight";
				INFOPLIST_KEY_UISupportedInterfaceOrientations_iPhone = "UIInterfaceOrientationPortrait UIInterfaceOrientationLandscapeLeft UIInterfaceOrientationLandscapeRight";
				LD_RUNPATH_SEARCH_PATHS = (
					"$(inherited)",
					"@executable_path/Frameworks",
				);
				MARKETING_VERSION = 1.0;
				PRODUCT_BUNDLE_IDENTIFIER = com.maslov.spaceviewer;
				PRODUCT_NAME = "$(TARGET_NAME)";
				SWIFT_EMIT_LOC_STRINGS = YES;
				SWIFT_VERSION = 5.0;
				TARGETED_DEVICE_FAMILY = "1,2";
			};
			name = Release;
		};
		8A85F90627B19413005AA7E9 /* Debug */ = {
			isa = XCBuildConfiguration;
			buildSettings = {
				ALWAYS_EMBED_SWIFT_STANDARD_LIBRARIES = YES;
				BUNDLE_LOADER = "$(TEST_HOST)";
				CODE_SIGN_STYLE = Automatic;
				CURRENT_PROJECT_VERSION = 1;
				GENERATE_INFOPLIST_FILE = YES;
				IPHONEOS_DEPLOYMENT_TARGET = 15.2;
				MARKETING_VERSION = 1.0;
				PRODUCT_BUNDLE_IDENTIFIER = com.maslov.spaceviewerTests;
				PRODUCT_NAME = "$(TARGET_NAME)";
				SWIFT_EMIT_LOC_STRINGS = NO;
				SWIFT_VERSION = 5.0;
				TARGETED_DEVICE_FAMILY = "1,2";
				TEST_HOST = "$(BUILT_PRODUCTS_DIR)/spaceviewer.app/spaceviewer";
			};
			name = Debug;
		};
		8A85F90727B19413005AA7E9 /* Release */ = {
			isa = XCBuildConfiguration;
			buildSettings = {
				ALWAYS_EMBED_SWIFT_STANDARD_LIBRARIES = YES;
				BUNDLE_LOADER = "$(TEST_HOST)";
				CODE_SIGN_STYLE = Automatic;
				CURRENT_PROJECT_VERSION = 1;
				GENERATE_INFOPLIST_FILE = YES;
				IPHONEOS_DEPLOYMENT_TARGET = 15.2;
				MARKETING_VERSION = 1.0;
				PRODUCT_BUNDLE_IDENTIFIER = com.maslov.spaceviewerTests;
				PRODUCT_NAME = "$(TARGET_NAME)";
				SWIFT_EMIT_LOC_STRINGS = NO;
				SWIFT_VERSION = 5.0;
				TARGETED_DEVICE_FAMILY = "1,2";
				TEST_HOST = "$(BUILT_PRODUCTS_DIR)/spaceviewer.app/spaceviewer";
			};
			name = Release;
		};
		8A85F90927B19413005AA7E9 /* Debug */ = {
			isa = XCBuildConfiguration;
			buildSettings = {
				ALWAYS_EMBED_SWIFT_STANDARD_LIBRARIES = YES;
				CODE_SIGN_STYLE = Automatic;
				CURRENT_PROJECT_VERSION = 1;
				GENERATE_INFOPLIST_FILE = YES;
				MARKETING_VERSION = 1.0;
				PRODUCT_BUNDLE_IDENTIFIER = com.maslov.spaceviewerUITests;
				PRODUCT_NAME = "$(TARGET_NAME)";
				SWIFT_EMIT_LOC_STRINGS = NO;
				SWIFT_VERSION = 5.0;
				TARGETED_DEVICE_FAMILY = "1,2";
				TEST_TARGET_NAME = spaceviewer;
			};
			name = Debug;
		};
		8A85F90A27B19413005AA7E9 /* Release */ = {
			isa = XCBuildConfiguration;
			buildSettings = {
				ALWAYS_EMBED_SWIFT_STANDARD_LIBRARIES = YES;
				CODE_SIGN_STYLE = Automatic;
				CURRENT_PROJECT_VERSION = 1;
				GENERATE_INFOPLIST_FILE = YES;
				MARKETING_VERSION = 1.0;
				PRODUCT_BUNDLE_IDENTIFIER = com.maslov.spaceviewerUITests;
				PRODUCT_NAME = "$(TARGET_NAME)";
				SWIFT_EMIT_LOC_STRINGS = NO;
				SWIFT_VERSION = 5.0;
				TARGETED_DEVICE_FAMILY = "1,2";
				TEST_TARGET_NAME = spaceviewer;
			};
			name = Release;
		};
/* End XCBuildConfiguration section */

/* Begin XCConfigurationList section */
		8A85F8D327B19412005AA7E9 /* Build configuration list for PBXProject "spaceviewer" */ = {
			isa = XCConfigurationList;
			buildConfigurations = (
				8A85F90027B19413005AA7E9 /* Debug */,
				8A85F90127B19413005AA7E9 /* Release */,
			);
			defaultConfigurationIsVisible = 0;
			defaultConfigurationName = Release;
		};
		8A85F90227B19413005AA7E9 /* Build configuration list for PBXNativeTarget "spaceviewer" */ = {
			isa = XCConfigurationList;
			buildConfigurations = (
				8A85F90327B19413005AA7E9 /* Debug */,
				8A85F90427B19413005AA7E9 /* Release */,
			);
			defaultConfigurationIsVisible = 0;
			defaultConfigurationName = Release;
		};
		8A85F90527B19413005AA7E9 /* Build configuration list for PBXNativeTarget "spaceviewerTests" */ = {
			isa = XCConfigurationList;
			buildConfigurations = (
				8A85F90627B19413005AA7E9 /* Debug */,
				8A85F90727B19413005AA7E9 /* Release */,
			);
			defaultConfigurationIsVisible = 0;
			defaultConfigurationName = Release;
		};
		8A85F90827B19413005AA7E9 /* Build configuration list for PBXNativeTarget "spaceviewerUITests" */ = {
			isa = XCConfigurationList;
			buildConfigurations = (
				8A85F90927B19413005AA7E9 /* Debug */,
				8A85F90A27B19413005AA7E9 /* Release */,
			);
			defaultConfigurationIsVisible = 0;
			defaultConfigurationName = Release;
		};
/* End XCConfigurationList section */
	};
	rootObject = 8A85F8D027B19412005AA7E9 /* Project object */;
}
